
Microsoft Visual Studio Solution File, Format Version 12.00
# Visual Studio Version 16
VisualStudioVersion = 16.0.30309.148
MinimumVisualStudioVersion = 10.0.40219.1
Project("{FAE04EC0-301F-11D3-BF4B-00C04F79EFBC}") = "Pop3cli", "Pop3cli.csproj", "{F652BEA4-882E-4ACA-91DA-463F4D77DD87}"
EndProject
Global
	GlobalSection(SolutionConfigurationPlatforms) = preSolution
		Debug|Any CPU = Debug|Any CPU
		Release|Any CPU = Release|Any CPU
	EndGlobalSection
	GlobalSection(ProjectConfigurationPlatforms) = postSolution
		{F652BEA4-882E-4ACA-91DA-463F4D77DD87}.Debug|Any CPU.ActiveCfg = Debug|Any CPU
		{F652BEA4-882E-4ACA-91DA-463F4D77DD87}.Debug|Any CPU.Build.0 = Debug|Any CPU
		{F652BEA4-882E-4ACA-91DA-463F4D77DD87}.Release|Any CPU.ActiveCfg = Release|Any CPU
		{F652BEA4-882E-4ACA-91DA-463F4D77DD87}.Release|Any CPU.Build.0 = Release|Any CPU
	EndGlobalSection
	GlobalSection(SolutionProperties) = preSolution
		HideSolutionNode = FALSE
	EndGlobalSection
	GlobalSection(ExtensibilityGlobals) = postSolution
		SolutionGuid = {0435193D-DA3C-4CEB-89FC-5EB02D3B2D5E}
	EndGlobalSection
EndGlobal
